
Microsoft Visual Studio Solution File, Format Version 12.00
# Visual Studio Version 17
VisualStudioVersion = 17.8.34330.188
MinimumVisualStudioVersion = 10.0.40219.1
Project("{FAE04EC0-301F-11D3-BF4B-00C04F79EFBC}") = "BabyAgeCounter.Server", "BabyAgeCounter.Server\BabyAgeCounter.Server.csproj", "{81A94E79-2646-46EB-88A0-13BF4BD88D19}"
EndProject
Project("{54A90642-561A-4BB1-A94E-469ADEE60C69}") = "babyagecounter.client", "babyagecounter.client\babyagecounter.client.esproj", "{E9B61BDD-00F8-4BC6-8A11-995EB41319CC}"
EndProject
Global
	GlobalSection(SolutionConfigurationPlatforms) = preSolution
		Debug|Any CPU = Debug|Any CPU
		Release|Any CPU = Release|Any CPU
	EndGlobalSection
	GlobalSection(ProjectConfigurationPlatforms) = postSolution
		{81A94E79-2646-46EB-88A0-13BF4BD88D19}.Debug|Any CPU.ActiveCfg = Debug|Any CPU
		{81A94E79-2646-46EB-88A0-13BF4BD88D19}.Debug|Any CPU.Build.0 = Debug|Any CPU
		{81A94E79-2646-46EB-88A0-13BF4BD88D19}.Release|Any CPU.ActiveCfg = Release|Any CPU
		{81A94E79-2646-46EB-88A0-13BF4BD88D19}.Release|Any CPU.Build.0 = Release|Any CPU
		{E9B61BDD-00F8-4BC6-8A11-995EB41319CC}.Debug|Any CPU.ActiveCfg = Debug|Any CPU
		{E9B61BDD-00F8-4BC6-8A11-995EB41319CC}.Debug|Any CPU.Build.0 = Debug|Any CPU
		{E9B61BDD-00F8-4BC6-8A11-995EB41319CC}.Debug|Any CPU.Deploy.0 = Debug|Any CPU
		{E9B61BDD-00F8-4BC6-8A11-995EB41319CC}.Release|Any CPU.ActiveCfg = Release|Any CPU
		{E9B61BDD-00F8-4BC6-8A11-995EB41319CC}.Release|Any CPU.Build.0 = Release|Any CPU
		{E9B61BDD-00F8-4BC6-8A11-995EB41319CC}.Release|Any CPU.Deploy.0 = Release|Any CPU
	EndGlobalSection
	GlobalSection(SolutionProperties) = preSolution
		HideSolutionNode = FALSE
	EndGlobalSection
	GlobalSection(ExtensibilityGlobals) = postSolution
		SolutionGuid = {0D9AB54B-830A-4314-A729-ED3B24BD1DEC}
	EndGlobalSection
EndGlobal
